
Microsoft Visual Studio Solution File, Format Version 12.00
Project("{FAE04EC0-301F-11D3-BF4B-00C04F79EFBC}") = "Expense", "Expense\Expense.csproj", "{D2A74191-8CCF-4BD5-AB81-E5FFFC1529AE}"
EndProject
Project("{FAE04EC0-301F-11D3-BF4B-00C04F79EFBC}") = "Expense.Domain", "Expense.Domain\Expense.Domain.csproj", "{C327EC94-DFD0-4E41-B35D-FCFF8E94F317}"
EndProject
Project("{FAE04EC0-301F-11D3-BF4B-00C04F79EFBC}") = "Expense.Infrastructure", "Expense.Infrastructure\Expense.Infrastructure.csproj", "{BE46849B-8665-49E5-8A6E-68323074FF3B}"
EndProject
Global
	GlobalSection(SolutionConfigurationPlatforms) = preSolution
		Debug|Any CPU = Debug|Any CPU
		Release|Any CPU = Release|Any CPU
	EndGlobalSection
	GlobalSection(ProjectConfigurationPlatforms) = postSolution
		{D2A74191-8CCF-4BD5-AB81-E5FFFC1529AE}.Debug|Any CPU.ActiveCfg = Debug|Any CPU
		{D2A74191-8CCF-4BD5-AB81-E5FFFC1529AE}.Debug|Any CPU.Build.0 = Debug|Any CPU
		{D2A74191-8CCF-4BD5-AB81-E5FFFC1529AE}.Release|Any CPU.ActiveCfg = Release|Any CPU
		{D2A74191-8CCF-4BD5-AB81-E5FFFC1529AE}.Release|Any CPU.Build.0 = Release|Any CPU
		{C327EC94-DFD0-4E41-B35D-FCFF8E94F317}.Debug|Any CPU.ActiveCfg = Debug|Any CPU
		{C327EC94-DFD0-4E41-B35D-FCFF8E94F317}.Debug|Any CPU.Build.0 = Debug|Any CPU
		{C327EC94-DFD0-4E41-B35D-FCFF8E94F317}.Release|Any CPU.ActiveCfg = Release|Any CPU
		{C327EC94-DFD0-4E41-B35D-FCFF8E94F317}.Release|Any CPU.Build.0 = Release|Any CPU
		{BE46849B-8665-49E5-8A6E-68323074FF3B}.Debug|Any CPU.ActiveCfg = Debug|Any CPU
		{BE46849B-8665-49E5-8A6E-68323074FF3B}.Debug|Any CPU.Build.0 = Debug|Any CPU
		{BE46849B-8665-49E5-8A6E-68323074FF3B}.Release|Any CPU.ActiveCfg = Release|Any CPU
		{BE46849B-8665-49E5-8A6E-68323074FF3B}.Release|Any CPU.Build.0 = Release|Any CPU
	EndGlobalSection
EndGlobal
